
Microsoft Visual Studio Solution File, Format Version 12.00
# Visual Studio Version 17
VisualStudioVersion = 17.10.35122.118
MinimumVisualStudioVersion = 10.0.40219.1
Project("{FAE04EC0-301F-11D3-BF4B-00C04F79EFBC}") = "MinimalAPITest", "MinimalAPITest.csproj", "{CF2B9718-6E50-4639-BE55-E3473FFDFEB8}"
EndProject
Global
	GlobalSection(SolutionConfigurationPlatforms) = preSolution
		Debug|Any CPU = Debug|Any CPU
		Release|Any CPU = Release|Any CPU
	EndGlobalSection
	GlobalSection(ProjectConfigurationPlatforms) = postSolution
		{CF2B9718-6E50-4639-BE55-E3473FFDFEB8}.Debug|Any CPU.ActiveCfg = Debug|Any CPU
		{CF2B9718-6E50-4639-BE55-E3473FFDFEB8}.Debug|Any CPU.Build.0 = Debug|Any CPU
		{CF2B9718-6E50-4639-BE55-E3473FFDFEB8}.Release|Any CPU.ActiveCfg = Release|Any CPU
		{CF2B9718-6E50-4639-BE55-E3473FFDFEB8}.Release|Any CPU.Build.0 = Release|Any CPU
	EndGlobalSection
	GlobalSection(SolutionProperties) = preSolution
		HideSolutionNode = FALSE
	EndGlobalSection
	GlobalSection(ExtensibilityGlobals) = postSolution
		SolutionGuid = {930E58D1-4FDB-4195-A602-BC41E04228A7}
	EndGlobalSection
EndGlobal
